
Microsoft Visual Studio Solution File, Format Version 12.00
# Visual Studio 15
Project("{FAE04EC0-301F-11D3-BF4B-00C04F79EFBC}") = "Assembly-CSharp", "Assembly-CSharp.csproj", "{3C381CF7-92EF-CA90-3A2D-4C9ACF2008E0}"
EndProject
Project("{FAE04EC0-301F-11D3-BF4B-00C04F79EFBC}") = "StylizedWaterForURP", "StylizedWaterForURP.csproj", "{8575A803-BF8A-AD57-71EF-6C9AF9BD48C6}"
EndProject
Project("{FAE04EC0-301F-11D3-BF4B-00C04F79EFBC}") = "StylizedWaterForURPEditor", "StylizedWaterForURPEditor.csproj", "{FF7C7160-4944-1DA3-27C5-D4A4D3D1E056}"
EndProject
Global
	GlobalSection(SolutionConfigurationPlatforms) = preSolution
		Debug|Any CPU = Debug|Any CPU
		Release|Any CPU = Release|Any CPU
	EndGlobalSection
	GlobalSection(ProjectConfigurationPlatforms) = postSolution
		{3C381CF7-92EF-CA90-3A2D-4C9ACF2008E0}.Debug|Any CPU.ActiveCfg = Debug|Any CPU
		{3C381CF7-92EF-CA90-3A2D-4C9ACF2008E0}.Debug|Any CPU.Build.0 = Debug|Any CPU
		{3C381CF7-92EF-CA90-3A2D-4C9ACF2008E0}.Release|Any CPU.ActiveCfg = Release|Any CPU
		{3C381CF7-92EF-CA90-3A2D-4C9ACF2008E0}.Release|Any CPU.Build.0 = Release|Any CPU
		{8575A803-BF8A-AD57-71EF-6C9AF9BD48C6}.Debug|Any CPU.ActiveCfg = Debug|Any CPU
		{8575A803-BF8A-AD57-71EF-6C9AF9BD48C6}.Debug|Any CPU.Build.0 = Debug|Any CPU
		{8575A803-BF8A-AD57-71EF-6C9AF9BD48C6}.Release|Any CPU.ActiveCfg = Release|Any CPU
		{8575A803-BF8A-AD57-71EF-6C9AF9BD48C6}.Release|Any CPU.Build.0 = Release|Any CPU
		{FF7C7160-4944-1DA3-27C5-D4A4D3D1E056}.Debug|Any CPU.ActiveCfg = Debug|Any CPU
		{FF7C7160-4944-1DA3-27C5-D4A4D3D1E056}.Debug|Any CPU.Build.0 = Debug|Any CPU
		{FF7C7160-4944-1DA3-27C5-D4A4D3D1E056}.Release|Any CPU.ActiveCfg = Release|Any CPU
		{FF7C7160-4944-1DA3-27C5-D4A4D3D1E056}.Release|Any CPU.Build.0 = Release|Any CPU
	EndGlobalSection
	GlobalSection(SolutionProperties) = preSolution
		HideSolutionNode = FALSE
	EndGlobalSection
EndGlobal
